{
  "name": "jt-wx",
  "version": "1.0.0",
  "lockfileVersion": 1,
  "requires": true,
  "dependencies": {
    "@vant/weapp": {
      "version": "1.6.2",
      "resolved": "https://registry.npmjs.org/@vant/weapp/-/weapp-1.6.2.tgz",
      "integrity": "sha512-BFzrUFGUfnIoA0ZKWrATSZvGI4/E2eDqpjSIL9fYm6ExtLXhDsiennJltESph0aMGPIDn6ziHgCvNAD+GRnqoQ=="
    },
    "js-md5": {
      "version": "0.7.3",
      "resolved": "https://registry.npmjs.org/js-md5/-/js-md5-0.7.3.tgz",
      "integrity": "sha512-ZC41vPSTLKGwIRjqDh8DfXoCrdQIyBgspJVPXHBGu4nZlAEvG3nf+jO9avM9RmLiGakg7vz974ms99nEV0tmTQ=="
    },
    "jsbn": {
      "version": "1.1.0",
      "resolved": "https://registry.npm.taobao.org/jsbn/download/jsbn-1.1.0.tgz",
      "integrity": "sha1-sBMHyym2GKHtJux56RH4A8TaAEA="
    },
    "miniprogram-sm-crypto": {
      "version": "0.3.6",
      "resolved": "https://registry.npmmirror.com/miniprogram-sm-crypto/download/miniprogram-sm-crypto-0.3.6.tgz",
      "integrity": "sha1-wkZUItQxmd3sQf0/rMIS2fwLYGs=",
      "requires": {
        "jsbn": "^1.1.0"
      }
    },
    "moment": {
      "version": "2.29.1",
      "resolved": "https://registry.npmjs.org/moment/-/moment-2.29.1.tgz",
      "integrity": "sha512-kHmoybcPV8Sqy59DwNDY3Jefr64lK/by/da0ViFcuA4DH0vQg5Q6Ze5VimxkfQNSC+Mls/Kx53s7TjP1RhFEDQ=="
    },
    "uuid": {
      "version": "8.3.2",
      "resolved": "https://registry.npmjs.org/uuid/-/uuid-8.3.2.tgz",
      "integrity": "sha512-+NYs2QeMWy+GWFOEm9xnn6HCDp0l7QBD7ml8zLUmJ+93Q5NF0NocErnwkTkXVFNiX3/fpC6afS8Dhb/gz7R7eg=="
    },
    "uuidjs": {
      "version": "4.2.9",
      "resolved": "https://registry.npmjs.org/uuidjs/-/uuidjs-4.2.9.tgz",
      "integrity": "sha512-ie/yQOFIBnswUUTPQRwMphF/OeE3Pg9y0jorjOPPFtGaeVp9JSdGN5rA9odsXDFH1UfwtpriJXKTro1JTNaIXg=="
    }
  }
}
